<?xml version="1.0" encoding="UTF-8" standalone="yes" ?>
<CodeBlocks_project_file>
	<FileVersion major="1" minor="6" />
	<Project>
		<Option title="attract" />
		<Option pch_mode="2" />
		<Option compiler="gcc" />
		<Build>
			<Target title="Debug">
				<Option output="../attract-dbg" prefix_auto="1" extension_auto="1" />
				<Option working_dir="../." />
				<Option object_output="../obj/debug/" />
				<Option type="1" />
				<Option compiler="gcc" />
				<Compiler>
					<Add option="-g" />
					<Add option="-DFE_DEBUG" />
				</Compiler>
				<Linker>
					<Add library="sfml-graphics-d" />
					<Add library="sfml-window-d" />
					<Add library="sfml-system-d" />
					<Add library="swscale" />
					<Add library="avformat" />
					<Add library="avcodec" />
					<Add library="avresample" />
					<Add library="avutil" />
					<Add library="openal32" />
				</Linker>
			</Target>
			<Target title="Release">
				<Option output="../attract" prefix_auto="1" extension_auto="1" />
				<Option object_output="../obj/release/" />
				<Option type="1" />
				<Option compiler="gcc" />
				<Compiler>
					<Add option="-O2" />
				</Compiler>
				<Linker>
					<Add library="sfml-graphics" />
					<Add library="sfml-window" />
					<Add library="sfml-system" />
					<Add library="swscale" />
					<Add library="avformat" />
					<Add library="avcodec" />
					<Add library="avresample" />
					<Add library="avutil" />
					<Add library="openal32" />
				</Linker>
			</Target>
			<Target title="Release Static">
				<Option output="../attract" prefix_auto="1" extension_auto="1" />
				<Option object_output="../obj/release/" />
				<Option type="1" />
				<Option compiler="gcc" />
				<Compiler>
					<Add option="-O2" />
					<Add option="-static" />
					<Add option="-static-libgcc" />
					<Add option="-DSFML_STATIC" />
				</Compiler>
				<Linker>
					<Add library="sfml-graphics-s" />
					<Add library="sfml-window-s" />
					<Add library="sfml-system-s" />
					<Add library="swscale" />
					<Add library="avformat" />
					<Add library="avcodec" />
					<Add library="avresample" />
					<Add library="avutil" />
					<Add library="openal32" />
				</Linker>
			</Target>
			<Target title="Release Static - NOMOVIE">
				<Option output="../attract" prefix_auto="1" extension_auto="1" />
				<Option object_output="../obj/release/" />
				<Option type="1" />
				<Option compiler="gcc" />
				<Compiler>
					<Add option="-O2" />
					<Add option="-static" />
					<Add option="-static-libgcc" />
					<Add option="-DSFML_STATIC" />
					<Add option="-DNO_MOVIE" />
				</Compiler>
				<Linker>
					<Add library="sfml-audio-s" />
					<Add library="sfml-graphics-s" />
					<Add library="sfml-window-s" />
					<Add library="sfml-system-s" />
				</Linker>
			</Target>
		</Build>
		<Compiler>
			<Add option="-Wall" />
			<Add option="-DHAVE_MEMMOVE" />
			<Add option="-DUSE_AVRESAMPLE" />
			<Add directory="../../SFML/include" />
			<Add directory="../../ffmpeg/include" />
			<Add directory="../extlibs/squirrel/include" />
			<Add directory="../extlibs/sqrat/include" />
			<Add directory="../extlibs/audio/include" />
		</Compiler>
		<Linker>
			<Add directory="../../SFML/lib" />
			<Add directory="../../FFMPEG/lib" />
		</Linker>
		<Unit filename="../extlibs/audio/Audio/ALCheck.cpp">
			<Option target="Debug" />
			<Option target="Release" />
			<Option target="Release Static" />
		</Unit>
		<Unit filename="../extlibs/audio/Audio/AudioDevice.cpp">
			<Option target="Debug" />
			<Option target="Release" />
			<Option target="Release Static" />
		</Unit>
		<Unit filename="../extlibs/audio/Audio/Listener.cpp">
			<Option target="Debug" />
			<Option target="Release" />
			<Option target="Release Static" />
		</Unit>
		<Unit filename="../extlibs/audio/Audio/SoundSource.cpp">
			<Option target="Debug" />
			<Option target="Release" />
			<Option target="Release Static" />
		</Unit>
		<Unit filename="../extlibs/audio/Audio/SoundStream.cpp">
			<Option target="Debug" />
			<Option target="Release" />
			<Option target="Release Static" />
		</Unit>
		<Unit filename="../extlibs/audio/include/Audio/ALCheck.hpp">
			<Option target="Debug" />
			<Option target="Release" />
			<Option target="Release Static" />
		</Unit>
		<Unit filename="../extlibs/audio/include/Audio/AudioDevice.hpp">
			<Option target="Debug" />
			<Option target="Release" />
			<Option target="Release Static" />
		</Unit>
		<Unit filename="../extlibs/audio/include/Audio/Listener.hpp">
			<Option target="Debug" />
			<Option target="Release" />
			<Option target="Release Static" />
		</Unit>
		<Unit filename="../extlibs/audio/include/Audio/SoundSource.hpp">
			<Option target="Debug" />
			<Option target="Release" />
			<Option target="Release Static" />
		</Unit>
		<Unit filename="../extlibs/audio/include/Audio/SoundStream.hpp">
			<Option target="Debug" />
			<Option target="Release" />
			<Option target="Release Static" />
		</Unit>
		<Unit filename="../extlibs/expat/expat.h" />
		<Unit filename="../extlibs/expat/xmlparse.c">
			<Option compilerVar="CC" />
		</Unit>
		<Unit filename="../extlibs/expat/xmlrole.c">
			<Option compilerVar="CC" />
		</Unit>
		<Unit filename="../extlibs/expat/xmltok.c">
			<Option compilerVar="CC" />
		</Unit>
		<Unit filename="../extlibs/sqrat/include/sqrat.h" />
		<Unit filename="../extlibs/sqrat/include/sqrat/sqratAllocator.h" />
		<Unit filename="../extlibs/sqrat/include/sqrat/sqratArray.h" />
		<Unit filename="../extlibs/sqrat/include/sqrat/sqratClass.h" />
		<Unit filename="../extlibs/sqrat/include/sqrat/sqratClassType.h" />
		<Unit filename="../extlibs/sqrat/include/sqrat/sqratConst.h" />
		<Unit filename="../extlibs/sqrat/include/sqrat/sqratFunction.h" />
		<Unit filename="../extlibs/sqrat/include/sqrat/sqratGlobalMethods.h" />
		<Unit filename="../extlibs/sqrat/include/sqrat/sqratMemberMethods.h" />
		<Unit filename="../extlibs/sqrat/include/sqrat/sqratObject.h" />
		<Unit filename="../extlibs/sqrat/include/sqrat/sqratOverloadMethods.h" />
		<Unit filename="../extlibs/sqrat/include/sqrat/sqratScript.h" />
		<Unit filename="../extlibs/sqrat/include/sqrat/sqratTable.h" />
		<Unit filename="../extlibs/sqrat/include/sqrat/sqratTypes.h" />
		<Unit filename="../extlibs/sqrat/include/sqrat/sqratUtil.h" />
		<Unit filename="../extlibs/sqrat/include/sqrat/sqratVM.h" />
		<Unit filename="../extlibs/sqrat/include/sqrat/sqratext_Ref.h" />
		<Unit filename="../extlibs/squirrel/include/sqstdaux.h" />
		<Unit filename="../extlibs/squirrel/include/sqstdblob.h" />
		<Unit filename="../extlibs/squirrel/include/sqstdio.h" />
		<Unit filename="../extlibs/squirrel/include/sqstdmath.h" />
		<Unit filename="../extlibs/squirrel/include/sqstdstring.h" />
		<Unit filename="../extlibs/squirrel/include/sqstdsystem.h" />
		<Unit filename="../extlibs/squirrel/include/squirrel.h" />
		<Unit filename="../extlibs/squirrel/sqstdlib/sqstdaux.cpp" />
		<Unit filename="../extlibs/squirrel/sqstdlib/sqstdblob.cpp" />
		<Unit filename="../extlibs/squirrel/sqstdlib/sqstdblobimpl.h" />
		<Unit filename="../extlibs/squirrel/sqstdlib/sqstdio.cpp" />
		<Unit filename="../extlibs/squirrel/sqstdlib/sqstdmath.cpp" />
		<Unit filename="../extlibs/squirrel/sqstdlib/sqstdrex.cpp" />
		<Unit filename="../extlibs/squirrel/sqstdlib/sqstdstream.cpp" />
		<Unit filename="../extlibs/squirrel/sqstdlib/sqstdstream.h" />
		<Unit filename="../extlibs/squirrel/sqstdlib/sqstdstring.cpp" />
		<Unit filename="../extlibs/squirrel/sqstdlib/sqstdsystem.cpp" />
		<Unit filename="../extlibs/squirrel/squirrel/sqapi.cpp" />
		<Unit filename="../extlibs/squirrel/squirrel/sqarray.h" />
		<Unit filename="../extlibs/squirrel/squirrel/sqbaselib.cpp" />
		<Unit filename="../extlibs/squirrel/squirrel/sqclass.cpp" />
		<Unit filename="../extlibs/squirrel/squirrel/sqclass.h" />
		<Unit filename="../extlibs/squirrel/squirrel/sqclosure.h" />
		<Unit filename="../extlibs/squirrel/squirrel/sqcompiler.cpp" />
		<Unit filename="../extlibs/squirrel/squirrel/sqcompiler.h" />
		<Unit filename="../extlibs/squirrel/squirrel/sqdebug.cpp" />
		<Unit filename="../extlibs/squirrel/squirrel/sqfuncproto.h" />
		<Unit filename="../extlibs/squirrel/squirrel/sqfuncstate.cpp" />
		<Unit filename="../extlibs/squirrel/squirrel/sqfuncstate.h" />
		<Unit filename="../extlibs/squirrel/squirrel/sqlexer.cpp" />
		<Unit filename="../extlibs/squirrel/squirrel/sqlexer.h" />
		<Unit filename="../extlibs/squirrel/squirrel/sqmem.cpp" />
		<Unit filename="../extlibs/squirrel/squirrel/sqobject.cpp" />
		<Unit filename="../extlibs/squirrel/squirrel/sqobject.h" />
		<Unit filename="../extlibs/squirrel/squirrel/sqopcodes.h" />
		<Unit filename="../extlibs/squirrel/squirrel/sqpcheader.h" />
		<Unit filename="../extlibs/squirrel/squirrel/sqstate.cpp" />
		<Unit filename="../extlibs/squirrel/squirrel/sqstate.h" />
		<Unit filename="../extlibs/squirrel/squirrel/sqstring.h" />
		<Unit filename="../extlibs/squirrel/squirrel/sqtable.cpp" />
		<Unit filename="../extlibs/squirrel/squirrel/sqtable.h" />
		<Unit filename="../extlibs/squirrel/squirrel/squserdata.h" />
		<Unit filename="../extlibs/squirrel/squirrel/squtils.h" />
		<Unit filename="../extlibs/squirrel/squirrel/sqvm.cpp" />
		<Unit filename="../extlibs/squirrel/squirrel/sqvm.h" />
		<Unit filename="fe_base.cpp" />
		<Unit filename="fe_base.hpp" />
		<Unit filename="fe_build.cpp" />
		<Unit filename="fe_config.cpp" />
		<Unit filename="fe_config.hpp" />
		<Unit filename="fe_image.cpp" />
		<Unit filename="fe_image.hpp" />
		<Unit filename="fe_info.cpp" />
		<Unit filename="fe_info.hpp" />
		<Unit filename="fe_input.cpp" />
		<Unit filename="fe_input.hpp" />
		<Unit filename="fe_listbox.cpp" />
		<Unit filename="fe_listbox.hpp" />
		<Unit filename="fe_overlay.cpp" />
		<Unit filename="fe_overlay.hpp" />
		<Unit filename="fe_present.cpp" />
		<Unit filename="fe_present.hpp" />
		<Unit filename="fe_presentable.cpp" />
		<Unit filename="fe_presentable.hpp" />
		<Unit filename="fe_settings.cpp" />
		<Unit filename="fe_settings.hpp" />
		<Unit filename="fe_shader.cpp" />
		<Unit filename="fe_shader.hpp" />
		<Unit filename="fe_sound.cpp" />
		<Unit filename="fe_sound.hpp" />
		<Unit filename="fe_text.cpp" />
		<Unit filename="fe_text.hpp" />
		<Unit filename="fe_util.cpp" />
		<Unit filename="fe_util.hpp" />
		<Unit filename="fe_util_sq.cpp" />
		<Unit filename="fe_util_sq.hpp" />
		<Unit filename="fe_vm.cpp" />
		<Unit filename="fe_vm.hpp" />
		<Unit filename="fe_window.cpp" />
		<Unit filename="fe_window.hpp" />
		<Unit filename="fe_xml.cpp" />
		<Unit filename="fe_xml.hpp" />
		<Unit filename="main.cpp" />
		<Unit filename="media.cpp">
			<Option target="Debug" />
			<Option target="Release" />
			<Option target="Release Static" />
		</Unit>
		<Unit filename="media.hpp" />
		<Unit filename="sprite.cpp" />
		<Unit filename="sprite.hpp" />
		<Unit filename="tp.cpp" />
		<Unit filename="tp.hpp" />
		<Extensions>
			<code_completion />
			<debugger />
			<envvars />
			<editor_config active="1" use_tabs="1" tab_indents="1" tab_width="3" indent="3" eol_mode="0" />
			<DoxyBlocks>
				<comment_style block="0" line="0" />
				<doxyfile_project />
				<doxyfile_build />
				<doxyfile_warnings />
				<doxyfile_output />
				<doxyfile_dot />
				<general />
			</DoxyBlocks>
		</Extensions>
	</Project>
</CodeBlocks_project_file>
